
Microsoft Visual Studio Solution File, Format Version 12.00
# Visual Studio Version 17
VisualStudioVersion = 17.8.34330.188
MinimumVisualStudioVersion = 10.0.40219.1
Project("{9A19103F-16F7-4668-BE54-9A1E7A4F7556}") = "Midterm", "MVC\Midterm.csproj", "{4FC2C257-098E-42BD-93A7-1F5195B66AB4}"
EndProject
Project("{9A19103F-16F7-4668-BE54-9A1E7A4F7556}") = "DataAccess", "DataAccess\DataAccess.csproj", "{2BC51D9D-0D8B-4B41-AAFB-D5ABA14856F7}"
EndProject
Project("{9A19103F-16F7-4668-BE54-9A1E7A4F7556}") = "Business", "Business\Business.csproj", "{37FE36C4-88E0-4308-B7DD-61ADE21560A8}"
EndProject
Global
	GlobalSection(SolutionConfigurationPlatforms) = preSolution
		Debug|Any CPU = Debug|Any CPU
		Release|Any CPU = Release|Any CPU
	EndGlobalSection
	GlobalSection(ProjectConfigurationPlatforms) = postSolution
		{4FC2C257-098E-42BD-93A7-1F5195B66AB4}.Debug|Any CPU.ActiveCfg = Debug|Any CPU
		{4FC2C257-098E-42BD-93A7-1F5195B66AB4}.Debug|Any CPU.Build.0 = Debug|Any CPU
		{4FC2C257-098E-42BD-93A7-1F5195B66AB4}.Release|Any CPU.ActiveCfg = Release|Any CPU
		{4FC2C257-098E-42BD-93A7-1F5195B66AB4}.Release|Any CPU.Build.0 = Release|Any CPU
		{2BC51D9D-0D8B-4B41-AAFB-D5ABA14856F7}.Debug|Any CPU.ActiveCfg = Debug|Any CPU
		{2BC51D9D-0D8B-4B41-AAFB-D5ABA14856F7}.Debug|Any CPU.Build.0 = Debug|Any CPU
		{2BC51D9D-0D8B-4B41-AAFB-D5ABA14856F7}.Release|Any CPU.ActiveCfg = Release|Any CPU
		{2BC51D9D-0D8B-4B41-AAFB-D5ABA14856F7}.Release|Any CPU.Build.0 = Release|Any CPU
		{37FE36C4-88E0-4308-B7DD-61ADE21560A8}.Debug|Any CPU.ActiveCfg = Debug|Any CPU
		{37FE36C4-88E0-4308-B7DD-61ADE21560A8}.Debug|Any CPU.Build.0 = Debug|Any CPU
		{37FE36C4-88E0-4308-B7DD-61ADE21560A8}.Release|Any CPU.ActiveCfg = Release|Any CPU
		{37FE36C4-88E0-4308-B7DD-61ADE21560A8}.Release|Any CPU.Build.0 = Release|Any CPU
	EndGlobalSection
	GlobalSection(SolutionProperties) = preSolution
		HideSolutionNode = FALSE
	EndGlobalSection
	GlobalSection(ExtensibilityGlobals) = postSolution
		SolutionGuid = {FCAE5C1E-AB36-46F5-84FE-9D0A97F5C048}
	EndGlobalSection
EndGlobal
